
Microsoft Visual Studio Solution File, Format Version 12.00
# Visual Studio Version 17
VisualStudioVersion = 17.3.32929.385
MinimumVisualStudioVersion = 10.0.40219.1
Project("{FAE04EC0-301F-11D3-BF4B-00C04F79EFBC}") = "ShoppersModels", "ShoppersModels\ShoppersModels.csproj", "{F097C3B2-0B51-460E-BA65-0C0217AD1A1E}"
EndProject
Global
	GlobalSection(SolutionConfigurationPlatforms) = preSolution
		Debug|Any CPU = Debug|Any CPU
		Release|Any CPU = Release|Any CPU
	EndGlobalSection
	GlobalSection(ProjectConfigurationPlatforms) = postSolution
		{F097C3B2-0B51-460E-BA65-0C0217AD1A1E}.Debug|Any CPU.ActiveCfg = Debug|Any CPU
		{F097C3B2-0B51-460E-BA65-0C0217AD1A1E}.Debug|Any CPU.Build.0 = Debug|Any CPU
		{F097C3B2-0B51-460E-BA65-0C0217AD1A1E}.Release|Any CPU.ActiveCfg = Release|Any CPU
		{F097C3B2-0B51-460E-BA65-0C0217AD1A1E}.Release|Any CPU.Build.0 = Release|Any CPU
	EndGlobalSection
	GlobalSection(SolutionProperties) = preSolution
		HideSolutionNode = FALSE
	EndGlobalSection
	GlobalSection(ExtensibilityGlobals) = postSolution
		SolutionGuid = {9B32FC5B-2F31-47A4-B46B-67106ECD454F}
	EndGlobalSection
EndGlobal
